// !$*UTF8*$!
{
	archiveVersion = 1;
	classes = {
	};
	objectVersion = 50;
	objects = {

/* Begin PBXBuildFile section */
		B5B0484725E784C6006D2DCB /* SearchViewController.swift in Sources */ = {isa = PBXBuildFile; fileRef = B5B0484625E784C6006D2DCB /* SearchViewController.swift */; };
		B5B0484A25E784E5006D2DCB /* LibraryViewController.swift in Sources */ = {isa = PBXBuildFile; fileRef = B5B0484925E784E5006D2DCB /* LibraryViewController.swift */; };
		B5B0485225E785F5006D2DCB /* AuthViewController.swift in Sources */ = {isa = PBXBuildFile; fileRef = B5B0485125E785F5006D2DCB /* AuthViewController.swift */; };
		B5B0485625E78623006D2DCB /* WelcomeViewController.swift in Sources */ = {isa = PBXBuildFile; fileRef = B5B0485525E78623006D2DCB /* WelcomeViewController.swift */; };
		B5B0485925E78654006D2DCB /* SettingsViewController.swift in Sources */ = {isa = PBXBuildFile; fileRef = B5B0485825E78654006D2DCB /* SettingsViewController.swift */; };
		B5B0485C25E78680006D2DCB /* ProfileViewController.swift in Sources */ = {isa = PBXBuildFile; fileRef = B5B0485B25E78680006D2DCB /* ProfileViewController.swift */; };
		B5B0485F25E786B0006D2DCB /* PlayerViewController.swift in Sources */ = {isa = PBXBuildFile; fileRef = B5B0485E25E786B0006D2DCB /* PlayerViewController.swift */; };
		B5B0486225E786D5006D2DCB /* PlayListViewController.swift in Sources */ = {isa = PBXBuildFile; fileRef = B5B0486125E786D5006D2DCB /* PlayListViewController.swift */; };
		B5B0486525E78720006D2DCB /* SearchResultViewController.swift in Sources */ = {isa = PBXBuildFile; fileRef = B5B0486425E78720006D2DCB /* SearchResultViewController.swift */; };
		B5B0486825E78766006D2DCB /* AuthManager.swift in Sources */ = {isa = PBXBuildFile; fileRef = B5B0486725E78766006D2DCB /* AuthManager.swift */; };
		B5B0486B25E7879A006D2DCB /* APICaller.swift in Sources */ = {isa = PBXBuildFile; fileRef = B5B0486A25E7879A006D2DCB /* APICaller.swift */; };
		B5B0486E25E787C2006D2DCB /* HapManager.swift in Sources */ = {isa = PBXBuildFile; fileRef = B5B0486D25E787C2006D2DCB /* HapManager.swift */; };
		B5B0487125E78805006D2DCB /* PlayList.swift in Sources */ = {isa = PBXBuildFile; fileRef = B5B0487025E78805006D2DCB /* PlayList.swift */; };
		B5B0487425E78824006D2DCB /* AudioTrak.swift in Sources */ = {isa = PBXBuildFile; fileRef = B5B0487325E78824006D2DCB /* AudioTrak.swift */; };
		B5B0487725E78855006D2DCB /* Artist.swift in Sources */ = {isa = PBXBuildFile; fileRef = B5B0487625E78855006D2DCB /* Artist.swift */; };
		B5B0487A25E7886F006D2DCB /* UserProfile.swift in Sources */ = {isa = PBXBuildFile; fileRef = B5B0487925E7886F006D2DCB /* UserProfile.swift */; };
		B5B0487E25E788EA006D2DCB /* TabBarViewController.swift in Sources */ = {isa = PBXBuildFile; fileRef = B5B0487D25E788EA006D2DCB /* TabBarViewController.swift */; };
		B5EFFED225E77E2A00087526 /* AppDelegate.swift in Sources */ = {isa = PBXBuildFile; fileRef = B5EFFED125E77E2A00087526 /* AppDelegate.swift */; };
		B5EFFED425E77E2A00087526 /* SceneDelegate.swift in Sources */ = {isa = PBXBuildFile; fileRef = B5EFFED325E77E2A00087526 /* SceneDelegate.swift */; };
		B5EFFED625E77E2A00087526 /* HomeViewController.swift in Sources */ = {isa = PBXBuildFile; fileRef = B5EFFED525E77E2A00087526 /* HomeViewController.swift */; };
		B5EFFEDB25E77E2B00087526 /* Assets.xcassets in Resources */ = {isa = PBXBuildFile; fileRef = B5EFFEDA25E77E2B00087526 /* Assets.xcassets */; };
		B5EFFEDE25E77E2B00087526 /* LaunchScreen.storyboard in Resources */ = {isa = PBXBuildFile; fileRef = B5EFFEDC25E77E2B00087526 /* LaunchScreen.storyboard */; };
		B5F2D42425E7B33F0036F64A /* Extensions.swift in Sources */ = {isa = PBXBuildFile; fileRef = B5F2D42325E7B33F0036F64A /* Extensions.swift */; };
		B5F2D42725E7E3BF0036F64A /* AuthResponse.swift in Sources */ = {isa = PBXBuildFile; fileRef = B5F2D42625E7E3BE0036F64A /* AuthResponse.swift */; };
/* End PBXBuildFile section */

/* Begin PBXFileReference section */
		B5B0484625E784C6006D2DCB /* SearchViewController.swift */ = {isa = PBXFileReference; lastKnownFileType = sourcecode.swift; path = SearchViewController.swift; sourceTree = "<group>"; };
		B5B0484925E784E5006D2DCB /* LibraryViewController.swift */ = {isa = PBXFileReference; lastKnownFileType = sourcecode.swift; path = LibraryViewController.swift; sourceTree = "<group>"; };
		B5B0485125E785F5006D2DCB /* AuthViewController.swift */ = {isa = PBXFileReference; lastKnownFileType = sourcecode.swift; path = AuthViewController.swift; sourceTree = "<group>"; };
		B5B0485525E78623006D2DCB /* WelcomeViewController.swift */ = {isa = PBXFileReference; lastKnownFileType = sourcecode.swift; path = WelcomeViewController.swift; sourceTree = "<group>"; };
		B5B0485825E78654006D2DCB /* SettingsViewController.swift */ = {isa = PBXFileReference; lastKnownFileType = sourcecode.swift; path = SettingsViewController.swift; sourceTree = "<group>"; };
		B5B0485B25E78680006D2DCB /* ProfileViewController.swift */ = {isa = PBXFileReference; lastKnownFileType = sourcecode.swift; path = ProfileViewController.swift; sourceTree = "<group>"; };
		B5B0485E25E786B0006D2DCB /* PlayerViewController.swift */ = {isa = PBXFileReference; lastKnownFileType = sourcecode.swift; path = PlayerViewController.swift; sourceTree = "<group>"; };
		B5B0486125E786D5006D2DCB /* PlayListViewController.swift */ = {isa = PBXFileReference; lastKnownFileType = sourcecode.swift; path = PlayListViewController.swift; sourceTree = "<group>"; };
		B5B0486425E78720006D2DCB /* SearchResultViewController.swift */ = {isa = PBXFileReference; lastKnownFileType = sourcecode.swift; path = SearchResultViewController.swift; sourceTree = "<group>"; };
		B5B0486725E78766006D2DCB /* AuthManager.swift */ = {isa = PBXFileReference; lastKnownFileType = sourcecode.swift; path = AuthManager.swift; sourceTree = "<group>"; };
		B5B0486A25E7879A006D2DCB /* APICaller.swift */ = {isa = PBXFileReference; lastKnownFileType = sourcecode.swift; path = APICaller.swift; sourceTree = "<group>"; };
		B5B0486D25E787C2006D2DCB /* HapManager.swift */ = {isa = PBXFileReference; lastKnownFileType = sourcecode.swift; path = HapManager.swift; sourceTree = "<group>"; };
		B5B0487025E78805006D2DCB /* PlayList.swift */ = {isa = PBXFileReference; lastKnownFileType = sourcecode.swift; path = PlayList.swift; sourceTree = "<group>"; };
		B5B0487325E78824006D2DCB /* AudioTrak.swift */ = {isa = PBXFileReference; lastKnownFileType = sourcecode.swift; path = AudioTrak.swift; sourceTree = "<group>"; };
		B5B0487625E78855006D2DCB /* Artist.swift */ = {isa = PBXFileReference; lastKnownFileType = sourcecode.swift; path = Artist.swift; sourceTree = "<group>"; };
		B5B0487925E7886F006D2DCB /* UserProfile.swift */ = {isa = PBXFileReference; lastKnownFileType = sourcecode.swift; path = UserProfile.swift; sourceTree = "<group>"; };
		B5B0487D25E788EA006D2DCB /* TabBarViewController.swift */ = {isa = PBXFileReference; lastKnownFileType = sourcecode.swift; path = TabBarViewController.swift; sourceTree = "<group>"; };
		B5EFFECE25E77E2A00087526 /* muzlit.app */ = {isa = PBXFileReference; explicitFileType = wrapper.application; includeInIndex = 0; path = muzlit.app; sourceTree = BUILT_PRODUCTS_DIR; };
		B5EFFED125E77E2A00087526 /* AppDelegate.swift */ = {isa = PBXFileReference; lastKnownFileType = sourcecode.swift; path = AppDelegate.swift; sourceTree = "<group>"; };
		B5EFFED325E77E2A00087526 /* SceneDelegate.swift */ = {isa = PBXFileReference; lastKnownFileType = sourcecode.swift; path = SceneDelegate.swift; sourceTree = "<group>"; };
		B5EFFED525E77E2A00087526 /* HomeViewController.swift */ = {isa = PBXFileReference; lastKnownFileType = sourcecode.swift; path = HomeViewController.swift; sourceTree = "<group>"; };
		B5EFFEDA25E77E2B00087526 /* Assets.xcassets */ = {isa = PBXFileReference; lastKnownFileType = folder.assetcatalog; path = Assets.xcassets; sourceTree = "<group>"; };
		B5EFFEDD25E77E2B00087526 /* Base */ = {isa = PBXFileReference; lastKnownFileType = file.storyboard; name = Base; path = Base.lproj/LaunchScreen.storyboard; sourceTree = "<group>"; };
		B5EFFEDF25E77E2B00087526 /* Info.plist */ = {isa = PBXFileReference; lastKnownFileType = text.plist.xml; path = Info.plist; sourceTree = "<group>"; };
		B5F2D42325E7B33F0036F64A /* Extensions.swift */ = {isa = PBXFileReference; lastKnownFileType = sourcecode.swift; path = Extensions.swift; sourceTree = "<group>"; };
		B5F2D42625E7E3BE0036F64A /* AuthResponse.swift */ = {isa = PBXFileReference; lastKnownFileType = sourcecode.swift; path = AuthResponse.swift; sourceTree = "<group>"; };
/* End PBXFileReference section */

/* Begin PBXFrameworksBuildPhase section */
		B5EFFECB25E77E2A00087526 /* Frameworks */ = {
			isa = PBXFrameworksBuildPhase;
			buildActionMask = 2147483647;
			files = (
			);
			runOnlyForDeploymentPostprocessing = 0;
		};
/* End PBXFrameworksBuildPhase section */

/* Begin PBXGroup section */
		B5B0484F25E7858C006D2DCB /* core */ = {
			isa = PBXGroup;
			children = (
				B5B0484925E784E5006D2DCB /* LibraryViewController.swift */,
				B5B0484625E784C6006D2DCB /* SearchViewController.swift */,
				B5EFFED525E77E2A00087526 /* HomeViewController.swift */,
				B5B0487D25E788EA006D2DCB /* TabBarViewController.swift */,
			);
			path = core;
			sourceTree = "<group>";
		};
		B5B0485025E785D8006D2DCB /* other */ = {
			isa = PBXGroup;
			children = (
				B5B0485125E785F5006D2DCB /* AuthViewController.swift */,
				B5B0485525E78623006D2DCB /* WelcomeViewController.swift */,
				B5B0485825E78654006D2DCB /* SettingsViewController.swift */,
				B5B0485B25E78680006D2DCB /* ProfileViewController.swift */,
				B5B0485E25E786B0006D2DCB /* PlayerViewController.swift */,
				B5B0486125E786D5006D2DCB /* PlayListViewController.swift */,
				B5B0486425E78720006D2DCB /* SearchResultViewController.swift */,
			);
			path = other;
			sourceTree = "<group>";
		};
		B5EFFEC525E77E2A00087526 = {
			isa = PBXGroup;
			children = (
				B5EFFED025E77E2A00087526 /* muzlit */,
				B5EFFECF25E77E2A00087526 /* Products */,
			);
			sourceTree = "<group>";
		};
		B5EFFECF25E77E2A00087526 /* Products */ = {
			isa = PBXGroup;
			children = (
				B5EFFECE25E77E2A00087526 /* muzlit.app */,
			);
			name = Products;
			sourceTree = "<group>";
		};
		B5EFFED025E77E2A00087526 /* muzlit */ = {
			isa = PBXGroup;
			children = (
				B5EFFEED25E77F8600087526 /* Manager */,
				B5EFFEEC25E77F7000087526 /* Res */,
				B5EFFEEB25E77F6400087526 /* Model */,
				B5EFFEEA25E77F4A00087526 /* ViewModel */,
				B5EFFEE825E77F2700087526 /* Views */,
				B5EFFEE725E77F1600087526 /* Controllers */,
				B5EFFEDF25E77E2B00087526 /* Info.plist */,
			);
			path = muzlit;
			sourceTree = "<group>";
		};
		B5EFFEE725E77F1600087526 /* Controllers */ = {
			isa = PBXGroup;
			children = (
				B5B0485025E785D8006D2DCB /* other */,
				B5B0484F25E7858C006D2DCB /* core */,
			);
			path = Controllers;
			sourceTree = "<group>";
		};
		B5EFFEE825E77F2700087526 /* Views */ = {
			isa = PBXGroup;
			children = (
				B5EFFEDC25E77E2B00087526 /* LaunchScreen.storyboard */,
			);
			path = Views;
			sourceTree = "<group>";
		};
		B5EFFEEA25E77F4A00087526 /* ViewModel */ = {
			isa = PBXGroup;
			children = (
			);
			path = ViewModel;
			sourceTree = "<group>";
		};
		B5EFFEEB25E77F6400087526 /* Model */ = {
			isa = PBXGroup;
			children = (
				B5B0487025E78805006D2DCB /* PlayList.swift */,
				B5B0487325E78824006D2DCB /* AudioTrak.swift */,
				B5B0487625E78855006D2DCB /* Artist.swift */,
				B5B0487925E7886F006D2DCB /* UserProfile.swift */,
				B5F2D42625E7E3BE0036F64A /* AuthResponse.swift */,
			);
			path = Model;
			sourceTree = "<group>";
		};
		B5EFFEEC25E77F7000087526 /* Res */ = {
			isa = PBXGroup;
			children = (
				B5EFFEDA25E77E2B00087526 /* Assets.xcassets */,
				B5EFFED325E77E2A00087526 /* SceneDelegate.swift */,
				B5EFFED125E77E2A00087526 /* AppDelegate.swift */,
				B5F2D42325E7B33F0036F64A /* Extensions.swift */,
			);
			path = Res;
			sourceTree = "<group>";
		};
		B5EFFEED25E77F8600087526 /* Manager */ = {
			isa = PBXGroup;
			children = (
				B5B0486725E78766006D2DCB /* AuthManager.swift */,
				B5B0486A25E7879A006D2DCB /* APICaller.swift */,
				B5B0486D25E787C2006D2DCB /* HapManager.swift */,
			);
			path = Manager;
			sourceTree = "<group>";
		};
/* End PBXGroup section */

/* Begin PBXNativeTarget section */
		B5EFFECD25E77E2A00087526 /* muzlit */ = {
			isa = PBXNativeTarget;
			buildConfigurationList = B5EFFEE225E77E2B00087526 /* Build configuration list for PBXNativeTarget "muzlit" */;
			buildPhases = (
				B5EFFECA25E77E2A00087526 /* Sources */,
				B5EFFECB25E77E2A00087526 /* Frameworks */,
				B5EFFECC25E77E2A00087526 /* Resources */,
			);
			buildRules = (
			);
			dependencies = (
			);
			name = muzlit;
			productName = muzlit;
			productReference = B5EFFECE25E77E2A00087526 /* muzlit.app */;
			productType = "com.apple.product-type.application";
		};
/* End PBXNativeTarget section */

/* Begin PBXProject section */
		B5EFFEC625E77E2A00087526 /* Project object */ = {
			isa = PBXProject;
			attributes = {
				LastSwiftUpdateCheck = 1230;
				LastUpgradeCheck = 1230;
				TargetAttributes = {
					B5EFFECD25E77E2A00087526 = {
						CreatedOnToolsVersion = 12.3;
					};
				};
			};
			buildConfigurationList = B5EFFEC925E77E2A00087526 /* Build configuration list for PBXProject "muzlit" */;
			compatibilityVersion = "Xcode 9.3";
			developmentRegion = en;
			hasScannedForEncodings = 0;
			knownRegions = (
				en,
				Base,
			);
			mainGroup = B5EFFEC525E77E2A00087526;
			productRefGroup = B5EFFECF25E77E2A00087526 /* Products */;
			projectDirPath = "";
			projectRoot = "";
			targets = (
				B5EFFECD25E77E2A00087526 /* muzlit */,
			);
		};
/* End PBXProject section */

/* Begin PBXResourcesBuildPhase section */
		B5EFFECC25E77E2A00087526 /* Resources */ = {
			isa = PBXResourcesBuildPhase;
			buildActionMask = 2147483647;
			files = (
				B5EFFEDE25E77E2B00087526 /* LaunchScreen.storyboard in Resources */,
				B5EFFEDB25E77E2B00087526 /* Assets.xcassets in Resources */,
			);
			runOnlyForDeploymentPostprocessing = 0;
		};
/* End PBXResourcesBuildPhase section */

/* Begin PBXSourcesBuildPhase section */
		B5EFFECA25E77E2A00087526 /* Sources */ = {
			isa = PBXSourcesBuildPhase;
			buildActionMask = 2147483647;
			files = (
				B5EFFED625E77E2A00087526 /* HomeViewController.swift in Sources */,
				B5B0486825E78766006D2DCB /* AuthManager.swift in Sources */,
				B5B0485625E78623006D2DCB /* WelcomeViewController.swift in Sources */,
				B5B0485C25E78680006D2DCB /* ProfileViewController.swift in Sources */,
				B5EFFED225E77E2A00087526 /* AppDelegate.swift in Sources */,
				B5B0484A25E784E5006D2DCB /* LibraryViewController.swift in Sources */,
				B5B0485225E785F5006D2DCB /* AuthViewController.swift in Sources */,
				B5B0484725E784C6006D2DCB /* SearchViewController.swift in Sources */,
				B5B0487E25E788EA006D2DCB /* TabBarViewController.swift in Sources */,
				B5B0487125E78805006D2DCB /* PlayList.swift in Sources */,
				B5B0486225E786D5006D2DCB /* PlayListViewController.swift in Sources */,
				B5EFFED425E77E2A00087526 /* SceneDelegate.swift in Sources */,
				B5B0487A25E7886F006D2DCB /* UserProfile.swift in Sources */,
				B5F2D42425E7B33F0036F64A /* Extensions.swift in Sources */,
				B5F2D42725E7E3BF0036F64A /* AuthResponse.swift in Sources */,
				B5B0485F25E786B0006D2DCB /* PlayerViewController.swift in Sources */,
				B5B0487725E78855006D2DCB /* Artist.swift in Sources */,
				B5B0486525E78720006D2DCB /* SearchResultViewController.swift in Sources */,
				B5B0486B25E7879A006D2DCB /* APICaller.swift in Sources */,
				B5B0485925E78654006D2DCB /* SettingsViewController.swift in Sources */,
				B5B0487425E78824006D2DCB /* AudioTrak.swift in Sources */,
				B5B0486E25E787C2006D2DCB /* HapManager.swift in Sources */,
			);
			runOnlyForDeploymentPostprocessing = 0;
		};
/* End PBXSourcesBuildPhase section */

/* Begin PBXVariantGroup section */
		B5EFFEDC25E77E2B00087526 /* LaunchScreen.storyboard */ = {
			isa = PBXVariantGroup;
			children = (
				B5EFFEDD25E77E2B00087526 /* Base */,
			);
			name = LaunchScreen.storyboard;
			sourceTree = "<group>";
		};
/* End PBXVariantGroup section */

/* Begin XCBuildConfiguration section */
		B5EFFEE025E77E2B00087526 /* Debug */ = {
			isa = XCBuildConfiguration;
			buildSettings = {
				ALWAYS_SEARCH_USER_PATHS = NO;
				CLANG_ANALYZER_NONNULL = YES;
				CLANG_ANALYZER_NUMBER_OBJECT_CONVERSION = YES_AGGRESSIVE;
				CLANG_CXX_LANGUAGE_STANDARD = "gnu++14";
				CLANG_CXX_LIBRARY = "libc++";
				CLANG_ENABLE_MODULES = YES;
				CLANG_ENABLE_OBJC_ARC = YES;
				CLANG_ENABLE_OBJC_WEAK = YES;
				CLANG_WARN_BLOCK_CAPTURE_AUTORELEASING = YES;
				CLANG_WARN_BOOL_CONVERSION = YES;
				CLANG_WARN_COMMA = YES;
				CLANG_WARN_CONSTANT_CONVERSION = YES;
				CLANG_WARN_DEPRECATED_OBJC_IMPLEMENTATIONS = YES;
				CLANG_WARN_DIRECT_OBJC_ISA_USAGE = YES_ERROR;
				CLANG_WARN_DOCUMENTATION_COMMENTS = YES;
				CLANG_WARN_EMPTY_BODY = YES;
				CLANG_WARN_ENUM_CONVERSION = YES;
				CLANG_WARN_INFINITE_RECURSION = YES;
				CLANG_WARN_INT_CONVERSION = YES;
				CLANG_WARN_NON_LITERAL_NULL_CONVERSION = YES;
				CLANG_WARN_OBJC_IMPLICIT_RETAIN_SELF = YES;
				CLANG_WARN_OBJC_LITERAL_CONVERSION = YES;
				CLANG_WARN_OBJC_ROOT_CLASS = YES_ERROR;
				CLANG_WARN_QUOTED_INCLUDE_IN_FRAMEWORK_HEADER = YES;
				CLANG_WARN_RANGE_LOOP_ANALYSIS = YES;
				CLANG_WARN_STRICT_PROTOTYPES = YES;
				CLANG_WARN_SUSPICIOUS_MOVE = YES;
				CLANG_WARN_UNGUARDED_AVAILABILITY = YES_AGGRESSIVE;
				CLANG_WARN_UNREACHABLE_CODE = YES;
				CLANG_WARN__DUPLICATE_METHOD_MATCH = YES;
				COPY_PHASE_STRIP = NO;
				DEBUG_INFORMATION_FORMAT = dwarf;
				ENABLE_STRICT_OBJC_MSGSEND = YES;
				ENABLE_TESTABILITY = YES;
				GCC_C_LANGUAGE_STANDARD = gnu11;
				GCC_DYNAMIC_NO_PIC = NO;
				GCC_NO_COMMON_BLOCKS = YES;
				GCC_OPTIMIZATION_LEVEL = 0;
				GCC_PREPROCESSOR_DEFINITIONS = (
					"DEBUG=1",
					"$(inherited)",
				);
				GCC_WARN_64_TO_32_BIT_CONVERSION = YES;
				GCC_WARN_ABOUT_RETURN_TYPE = YES_ERROR;
				GCC_WARN_UNDECLARED_SELECTOR = YES;
				GCC_WARN_UNINITIALIZED_AUTOS = YES_AGGRESSIVE;
				GCC_WARN_UNUSED_FUNCTION = YES;
				GCC_WARN_UNUSED_VARIABLE = YES;
				IPHONEOS_DEPLOYMENT_TARGET = 14.3;
				MTL_ENABLE_DEBUG_INFO = INCLUDE_SOURCE;
				MTL_FAST_MATH = YES;
				ONLY_ACTIVE_ARCH = YES;
				SDKROOT = iphoneos;
				SWIFT_ACTIVE_COMPILATION_CONDITIONS = DEBUG;
				SWIFT_OPTIMIZATION_LEVEL = "-Onone";
			};
			name = Debug;
		};
		B5EFFEE125E77E2B00087526 /* Release */ = {
			isa = XCBuildConfiguration;
			buildSettings = {
				ALWAYS_SEARCH_USER_PATHS = NO;
				CLANG_ANALYZER_NONNULL = YES;
				CLANG_ANALYZER_NUMBER_OBJECT_CONVERSION = YES_AGGRESSIVE;
				CLANG_CXX_LANGUAGE_STANDARD = "gnu++14";
				CLANG_CXX_LIBRARY = "libc++";
				CLANG_ENABLE_MODULES = YES;
				CLANG_ENABLE_OBJC_ARC = YES;
				CLANG_ENABLE_OBJC_WEAK = YES;
				CLANG_WARN_BLOCK_CAPTURE_AUTORELEASING = YES;
				CLANG_WARN_BOOL_CONVERSION = YES;
				CLANG_WARN_COMMA = YES;
				CLANG_WARN_CONSTANT_CONVERSION = YES;
				CLANG_WARN_DEPRECATED_OBJC_IMPLEMENTATIONS = YES;
				CLANG_WARN_DIRECT_OBJC_ISA_USAGE = YES_ERROR;
				CLANG_WARN_DOCUMENTATION_COMMENTS = YES;
				CLANG_WARN_EMPTY_BODY = YES;
				CLANG_WARN_ENUM_CONVERSION = YES;
				CLANG_WARN_INFINITE_RECURSION = YES;
				CLANG_WARN_INT_CONVERSION = YES;
				CLANG_WARN_NON_LITERAL_NULL_CONVERSION = YES;
				CLANG_WARN_OBJC_IMPLICIT_RETAIN_SELF = YES;
				CLANG_WARN_OBJC_LITERAL_CONVERSION = YES;
				CLANG_WARN_OBJC_ROOT_CLASS = YES_ERROR;
				CLANG_WARN_QUOTED_INCLUDE_IN_FRAMEWORK_HEADER = YES;
				CLANG_WARN_RANGE_LOOP_ANALYSIS = YES;
				CLANG_WARN_STRICT_PROTOTYPES = YES;
				CLANG_WARN_SUSPICIOUS_MOVE = YES;
				CLANG_WARN_UNGUARDED_AVAILABILITY = YES_AGGRESSIVE;
				CLANG_WARN_UNREACHABLE_CODE = YES;
				CLANG_WARN__DUPLICATE_METHOD_MATCH = YES;
				COPY_PHASE_STRIP = NO;
				DEBUG_INFORMATION_FORMAT = "dwarf-with-dsym";
				ENABLE_NS_ASSERTIONS = NO;
				ENABLE_STRICT_OBJC_MSGSEND = YES;
				GCC_C_LANGUAGE_STANDARD = gnu11;
				GCC_NO_COMMON_BLOCKS = YES;
				GCC_WARN_64_TO_32_BIT_CONVERSION = YES;
				GCC_WARN_ABOUT_RETURN_TYPE = YES_ERROR;
				GCC_WARN_UNDECLARED_SELECTOR = YES;
				GCC_WARN_UNINITIALIZED_AUTOS = YES_AGGRESSIVE;
				GCC_WARN_UNUSED_FUNCTION = YES;
				GCC_WARN_UNUSED_VARIABLE = YES;
				IPHONEOS_DEPLOYMENT_TARGET = 14.3;
				MTL_ENABLE_DEBUG_INFO = NO;
				MTL_FAST_MATH = YES;
				SDKROOT = iphoneos;
				SWIFT_COMPILATION_MODE = wholemodule;
				SWIFT_OPTIMIZATION_LEVEL = "-O";
				VALIDATE_PRODUCT = YES;
			};
			name = Release;
		};
		B5EFFEE325E77E2B00087526 /* Debug */ = {
			isa = XCBuildConfiguration;
			buildSettings = {
				ASSETCATALOG_COMPILER_APPICON_NAME = AppIcon;
				ASSETCATALOG_COMPILER_GLOBAL_ACCENT_COLOR_NAME = AccentColor;
				CODE_SIGN_STYLE = Automatic;
				INFOPLIST_FILE = muzlit/Info.plist;
				LD_RUNPATH_SEARCH_PATHS = (
					"$(inherited)",
					"@executable_path/Frameworks",
				);
				PRODUCT_BUNDLE_IDENTIFIER = antontuzov.muzlit;
				PRODUCT_NAME = "$(TARGET_NAME)";
				SWIFT_VERSION = 5.0;
				TARGETED_DEVICE_FAMILY = "1,2";
			};
			name = Debug;
		};
		B5EFFEE425E77E2B00087526 /* Release */ = {
			isa = XCBuildConfiguration;
			buildSettings = {
				ASSETCATALOG_COMPILER_APPICON_NAME = AppIcon;
				ASSETCATALOG_COMPILER_GLOBAL_ACCENT_COLOR_NAME = AccentColor;
				CODE_SIGN_STYLE = Automatic;
				INFOPLIST_FILE = muzlit/Info.plist;
				LD_RUNPATH_SEARCH_PATHS = (
					"$(inherited)",
					"@executable_path/Frameworks",
				);
				PRODUCT_BUNDLE_IDENTIFIER = antontuzov.muzlit;
				PRODUCT_NAME = "$(TARGET_NAME)";
				SWIFT_VERSION = 5.0;
				TARGETED_DEVICE_FAMILY = "1,2";
			};
			name = Release;
		};
/* End XCBuildConfiguration section */

/* Begin XCConfigurationList section */
		B5EFFEC925E77E2A00087526 /* Build configuration list for PBXProject "muzlit" */ = {
			isa = XCConfigurationList;
			buildConfigurations = (
				B5EFFEE025E77E2B00087526 /* Debug */,
				B5EFFEE125E77E2B00087526 /* Release */,
			);
			defaultConfigurationIsVisible = 0;
			defaultConfigurationName = Release;
		};
		B5EFFEE225E77E2B00087526 /* Build configuration list for PBXNativeTarget "muzlit" */ = {
			isa = XCConfigurationList;
			buildConfigurations = (
				B5EFFEE325E77E2B00087526 /* Debug */,
				B5EFFEE425E77E2B00087526 /* Release */,
			);
			defaultConfigurationIsVisible = 0;
			defaultConfigurationName = Release;
		};
/* End XCConfigurationList section */
	};
	rootObject = B5EFFEC625E77E2A00087526 /* Project object */;
}
