// !$*UTF8*$!
{
	archiveVersion = 1;
	classes = {
	};
	objectVersion = 51;
	objects = {

/* Begin PBXBuildFile section */
		28A8B4DA26B4C47DC41A3D09 /* Pods_muzlit.framework in Frameworks */ = {isa = PBXBuildFile; fileRef = 3DC5C34B7B16523F21B1AEA4 /* Pods_muzlit.framework */; };
		B510E80D25F20B2A009B3F35 /* SearchResultDefaultTableViewCell.swift in Sources */ = {isa = PBXBuildFile; fileRef = B510E80C25F20B2A009B3F35 /* SearchResultDefaultTableViewCell.swift */; };
		B510E81225F20C00009B3F35 /* SearchResultSubtitleTableViewCell.swift in Sources */ = {isa = PBXBuildFile; fileRef = B510E81125F20C00009B3F35 /* SearchResultSubtitleTableViewCell.swift */; };
		B510E81725F21F4C009B3F35 /* CategoryCollectionViewCell.swift in Sources */ = {isa = PBXBuildFile; fileRef = B510E81625F21F4C009B3F35 /* CategoryCollectionViewCell.swift */; };
		B510E81B25F2211B009B3F35 /* CategoryViewController.swift in Sources */ = {isa = PBXBuildFile; fileRef = B510E81A25F2211B009B3F35 /* CategoryViewController.swift */; };
		B510E81F25F222F1009B3F35 /* PlayerControlsView.swift in Sources */ = {isa = PBXBuildFile; fileRef = B510E81E25F222F1009B3F35 /* PlayerControlsView.swift */; };
		B523166E25ED102900039844 /* FeaturedPlaylistCollectionViewCell.swift in Sources */ = {isa = PBXBuildFile; fileRef = B523166D25ED102900039844 /* FeaturedPlaylistCollectionViewCell.swift */; };
		B523167225ED105F00039844 /* NewReleaseCollectionViewCell.swift in Sources */ = {isa = PBXBuildFile; fileRef = B523167125ED105F00039844 /* NewReleaseCollectionViewCell.swift */; };
		B523167525ED108C00039844 /* RecommendedTrackCollectionViewCell.swift in Sources */ = {isa = PBXBuildFile; fileRef = B523167425ED108C00039844 /* RecommendedTrackCollectionViewCell.swift */; };
		B523167925ED130200039844 /* Extensions + homeVC.swift in Sources */ = {isa = PBXBuildFile; fileRef = B523167825ED130200039844 /* Extensions + homeVC.swift */; };
		B523167D25ED167300039844 /* TitleHeaderCollectionReusableView.swift in Sources */ = {isa = PBXBuildFile; fileRef = B523167C25ED167300039844 /* TitleHeaderCollectionReusableView.swift */; };
		B523168925ED387400039844 /* LibraryAlbumsViewController.swift in Sources */ = {isa = PBXBuildFile; fileRef = B523168825ED387400039844 /* LibraryAlbumsViewController.swift */; };
		B523168D25ED389C00039844 /* LibraryPlaylistsViewController.swift in Sources */ = {isa = PBXBuildFile; fileRef = B523168C25ED389C00039844 /* LibraryPlaylistsViewController.swift */; };
		B523169025ED394E00039844 /* PlaybackPresenter.swift in Sources */ = {isa = PBXBuildFile; fileRef = B523168F25ED394E00039844 /* PlaybackPresenter.swift */; };
		B56A9F4C25F3A1DC00D6F29C /* LibraryToggleView.swift in Sources */ = {isa = PBXBuildFile; fileRef = B56A9F4B25F3A1DC00D6F29C /* LibraryToggleView.swift */; };
		B56A9F4F25F3A23A00D6F29C /* ActionLabelView.swift in Sources */ = {isa = PBXBuildFile; fileRef = B56A9F4E25F3A23A00D6F29C /* ActionLabelView.swift */; };
		B5B0484725E784C6006D2DCB /* SearchViewController.swift in Sources */ = {isa = PBXBuildFile; fileRef = B5B0484625E784C6006D2DCB /* SearchViewController.swift */; };
		B5B0484A25E784E5006D2DCB /* LibraryViewController.swift in Sources */ = {isa = PBXBuildFile; fileRef = B5B0484925E784E5006D2DCB /* LibraryViewController.swift */; };
		B5B0485225E785F5006D2DCB /* AuthViewController.swift in Sources */ = {isa = PBXBuildFile; fileRef = B5B0485125E785F5006D2DCB /* AuthViewController.swift */; };
		B5B0485625E78623006D2DCB /* WelcomeViewController.swift in Sources */ = {isa = PBXBuildFile; fileRef = B5B0485525E78623006D2DCB /* WelcomeViewController.swift */; };
		B5B0485925E78654006D2DCB /* SettingsViewController.swift in Sources */ = {isa = PBXBuildFile; fileRef = B5B0485825E78654006D2DCB /* SettingsViewController.swift */; };
		B5B0485C25E78680006D2DCB /* ProfileViewController.swift in Sources */ = {isa = PBXBuildFile; fileRef = B5B0485B25E78680006D2DCB /* ProfileViewController.swift */; };
		B5B0485F25E786B0006D2DCB /* PlayerViewController.swift in Sources */ = {isa = PBXBuildFile; fileRef = B5B0485E25E786B0006D2DCB /* PlayerViewController.swift */; };
		B5B0486225E786D5006D2DCB /* PlaylistViewController.swift in Sources */ = {isa = PBXBuildFile; fileRef = B5B0486125E786D5006D2DCB /* PlaylistViewController.swift */; };
		B5B0486525E78720006D2DCB /* SearchResultsViewController.swift in Sources */ = {isa = PBXBuildFile; fileRef = B5B0486425E78720006D2DCB /* SearchResultsViewController.swift */; };
		B5B0486825E78766006D2DCB /* AuthManager.swift in Sources */ = {isa = PBXBuildFile; fileRef = B5B0486725E78766006D2DCB /* AuthManager.swift */; };
		B5B0486B25E7879A006D2DCB /* APICaller.swift in Sources */ = {isa = PBXBuildFile; fileRef = B5B0486A25E7879A006D2DCB /* APICaller.swift */; };
		B5B0486E25E787C2006D2DCB /* HapticsManager.swift in Sources */ = {isa = PBXBuildFile; fileRef = B5B0486D25E787C2006D2DCB /* HapticsManager.swift */; };
		B5B0487125E78805006D2DCB /* PlayList.swift in Sources */ = {isa = PBXBuildFile; fileRef = B5B0487025E78805006D2DCB /* PlayList.swift */; };
		B5B0487425E78824006D2DCB /* AudioTrack.swift in Sources */ = {isa = PBXBuildFile; fileRef = B5B0487325E78824006D2DCB /* AudioTrack.swift */; };
		B5B0487725E78855006D2DCB /* Artist.swift in Sources */ = {isa = PBXBuildFile; fileRef = B5B0487625E78855006D2DCB /* Artist.swift */; };
		B5B0487A25E7886F006D2DCB /* UserProfile.swift in Sources */ = {isa = PBXBuildFile; fileRef = B5B0487925E7886F006D2DCB /* UserProfile.swift */; };
		B5B0487E25E788EA006D2DCB /* TabBarViewController.swift in Sources */ = {isa = PBXBuildFile; fileRef = B5B0487D25E788EA006D2DCB /* TabBarViewController.swift */; };
		B5BE826325EA5E37003A3444 /* APIImage.swift in Sources */ = {isa = PBXBuildFile; fileRef = B5BE826225EA5E37003A3444 /* APIImage.swift */; };
		B5BE826625EA6782003A3444 /* SettingsModels.swift in Sources */ = {isa = PBXBuildFile; fileRef = B5BE826525EA6782003A3444 /* SettingsModels.swift */; };
		B5C9123725EE3296008DC825 /* AlbumViewController.swift in Sources */ = {isa = PBXBuildFile; fileRef = B5C9123625EE3296008DC825 /* AlbumViewController.swift */; };
		B5C9123A25EE336E008DC825 /* AlbumTrackCollectionViewCell.swift in Sources */ = {isa = PBXBuildFile; fileRef = B5C9123925EE336E008DC825 /* AlbumTrackCollectionViewCell.swift */; };
		B5D41E0925F0D28400070539 /* PlaylistHeaderCollectionReusableView.swift in Sources */ = {isa = PBXBuildFile; fileRef = B5D41E0825F0D28400070539 /* PlaylistHeaderCollectionReusableView.swift */; };
		B5E68C8425ECD25100499350 /* NewReleasesCellViewModel.swift in Sources */ = {isa = PBXBuildFile; fileRef = B5E68C8325ECD25100499350 /* NewReleasesCellViewModel.swift */; };
		B5E68C8725ECD2AE00499350 /* AlbumCollectionViewCellViewModel.swift in Sources */ = {isa = PBXBuildFile; fileRef = B5E68C8625ECD2AE00499350 /* AlbumCollectionViewCellViewModel.swift */; };
		B5E68C8A25ECD31A00499350 /* CategoryCollectionViewCellViewModel.swift in Sources */ = {isa = PBXBuildFile; fileRef = B5E68C8925ECD31A00499350 /* CategoryCollectionViewCellViewModel.swift */; };
		B5E68C8D25ECD34B00499350 /* FeaturedPlaylistCellViewModel.swift in Sources */ = {isa = PBXBuildFile; fileRef = B5E68C8C25ECD34B00499350 /* FeaturedPlaylistCellViewModel.swift */; };
		B5E68C9025ECD3A200499350 /* PlaylistHeaderViewViewModel.swift in Sources */ = {isa = PBXBuildFile; fileRef = B5E68C8F25ECD3A200499350 /* PlaylistHeaderViewViewModel.swift */; };
		B5E68C9325ECD3CD00499350 /* RecommendedTrackCellViewModel.swift in Sources */ = {isa = PBXBuildFile; fileRef = B5E68C9225ECD3CD00499350 /* RecommendedTrackCellViewModel.swift */; };
		B5E68C9625ECD41300499350 /* SearchResultDefaultTableViewCellViewModel.swift in Sources */ = {isa = PBXBuildFile; fileRef = B5E68C9525ECD41300499350 /* SearchResultDefaultTableViewCellViewModel.swift */; };
		B5E68C9925ECD47C00499350 /* SearchResultSubtitleTableViewCellViewModel.swift in Sources */ = {isa = PBXBuildFile; fileRef = B5E68C9825ECD47C00499350 /* SearchResultSubtitleTableViewCellViewModel.swift */; };
		B5E68C9C25ECD4E000499350 /* NewReleasesResponse.swift in Sources */ = {isa = PBXBuildFile; fileRef = B5E68C9B25ECD4E000499350 /* NewReleasesResponse.swift */; };
		B5E68C9F25ECD56C00499350 /* AlbumDetailsResponse.swift in Sources */ = {isa = PBXBuildFile; fileRef = B5E68C9E25ECD56C00499350 /* AlbumDetailsResponse.swift */; };
		B5E68CA225ECD5C700499350 /* AllCategoriesResponse.swift in Sources */ = {isa = PBXBuildFile; fileRef = B5E68CA125ECD5C700499350 /* AllCategoriesResponse.swift */; };
		B5E68CA625ECD63D00499350 /* FeaturedPlaylistsResponse.swift in Sources */ = {isa = PBXBuildFile; fileRef = B5E68CA525ECD63D00499350 /* FeaturedPlaylistsResponse.swift */; };
		B5E68CA925ECD67F00499350 /* LibraryAlbumsResponse.swift in Sources */ = {isa = PBXBuildFile; fileRef = B5E68CA825ECD67F00499350 /* LibraryAlbumsResponse.swift */; };
		B5E68CAC25ECD6D100499350 /* LibraryPlaylistsResponse.swift in Sources */ = {isa = PBXBuildFile; fileRef = B5E68CAB25ECD6D100499350 /* LibraryPlaylistsResponse.swift */; };
		B5E68CAF25ECD72500499350 /* PlaylistDetailsResponse.swift in Sources */ = {isa = PBXBuildFile; fileRef = B5E68CAE25ECD72500499350 /* PlaylistDetailsResponse.swift */; };
		B5E68CB225ECD7A000499350 /* RecommendationsResponse.swift in Sources */ = {isa = PBXBuildFile; fileRef = B5E68CB125ECD7A000499350 /* RecommendationsResponse.swift */; };
		B5E68CB525ECD7F300499350 /* RecommendedGenresResponse.swift in Sources */ = {isa = PBXBuildFile; fileRef = B5E68CB425ECD7F300499350 /* RecommendedGenresResponse.swift */; };
		B5E68CB825ECD81A00499350 /* SearchResult.swift in Sources */ = {isa = PBXBuildFile; fileRef = B5E68CB725ECD81A00499350 /* SearchResult.swift */; };
		B5E68CBB25ECD85000499350 /* SearchResultResponse.swift in Sources */ = {isa = PBXBuildFile; fileRef = B5E68CBA25ECD85000499350 /* SearchResultResponse.swift */; };
		B5EFFED225E77E2A00087526 /* AppDelegate.swift in Sources */ = {isa = PBXBuildFile; fileRef = B5EFFED125E77E2A00087526 /* AppDelegate.swift */; };
		B5EFFED425E77E2A00087526 /* SceneDelegate.swift in Sources */ = {isa = PBXBuildFile; fileRef = B5EFFED325E77E2A00087526 /* SceneDelegate.swift */; };
		B5EFFED625E77E2A00087526 /* HomeViewController.swift in Sources */ = {isa = PBXBuildFile; fileRef = B5EFFED525E77E2A00087526 /* HomeViewController.swift */; };
		B5EFFEDB25E77E2B00087526 /* Assets.xcassets in Resources */ = {isa = PBXBuildFile; fileRef = B5EFFEDA25E77E2B00087526 /* Assets.xcassets */; };
		B5EFFEDE25E77E2B00087526 /* LaunchScreen.storyboard in Resources */ = {isa = PBXBuildFile; fileRef = B5EFFEDC25E77E2B00087526 /* LaunchScreen.storyboard */; };
		B5F2D42425E7B33F0036F64A /* Extensions.swift in Sources */ = {isa = PBXBuildFile; fileRef = B5F2D42325E7B33F0036F64A /* Extensions.swift */; };
		B5F2D42725E7E3BF0036F64A /* AuthResponse.swift in Sources */ = {isa = PBXBuildFile; fileRef = B5F2D42625E7E3BE0036F64A /* AuthResponse.swift */; };
/* End PBXBuildFile section */

/* Begin PBXFileReference section */
		3DC5C34B7B16523F21B1AEA4 /* Pods_muzlit.framework */ = {isa = PBXFileReference; explicitFileType = wrapper.framework; includeInIndex = 0; path = Pods_muzlit.framework; sourceTree = BUILT_PRODUCTS_DIR; };
		B510E80C25F20B2A009B3F35 /* SearchResultDefaultTableViewCell.swift */ = {isa = PBXFileReference; lastKnownFileType = sourcecode.swift; path = SearchResultDefaultTableViewCell.swift; sourceTree = "<group>"; };
		B510E81125F20C00009B3F35 /* SearchResultSubtitleTableViewCell.swift */ = {isa = PBXFileReference; lastKnownFileType = sourcecode.swift; path = SearchResultSubtitleTableViewCell.swift; sourceTree = "<group>"; };
		B510E81625F21F4C009B3F35 /* CategoryCollectionViewCell.swift */ = {isa = PBXFileReference; lastKnownFileType = sourcecode.swift; path = CategoryCollectionViewCell.swift; sourceTree = "<group>"; };
		B510E81A25F2211B009B3F35 /* CategoryViewController.swift */ = {isa = PBXFileReference; lastKnownFileType = sourcecode.swift; path = CategoryViewController.swift; sourceTree = "<group>"; };
		B510E81E25F222F1009B3F35 /* PlayerControlsView.swift */ = {isa = PBXFileReference; lastKnownFileType = sourcecode.swift; path = PlayerControlsView.swift; sourceTree = "<group>"; };
		B523166D25ED102900039844 /* FeaturedPlaylistCollectionViewCell.swift */ = {isa = PBXFileReference; lastKnownFileType = sourcecode.swift; path = FeaturedPlaylistCollectionViewCell.swift; sourceTree = "<group>"; };
		B523167125ED105F00039844 /* NewReleaseCollectionViewCell.swift */ = {isa = PBXFileReference; lastKnownFileType = sourcecode.swift; path = NewReleaseCollectionViewCell.swift; sourceTree = "<group>"; };
		B523167425ED108C00039844 /* RecommendedTrackCollectionViewCell.swift */ = {isa = PBXFileReference; lastKnownFileType = sourcecode.swift; path = RecommendedTrackCollectionViewCell.swift; sourceTree = "<group>"; };
		B523167825ED130200039844 /* Extensions + homeVC.swift */ = {isa = PBXFileReference; lastKnownFileType = sourcecode.swift; path = "Extensions + homeVC.swift"; sourceTree = "<group>"; };
		B523167C25ED167300039844 /* TitleHeaderCollectionReusableView.swift */ = {isa = PBXFileReference; lastKnownFileType = sourcecode.swift; path = TitleHeaderCollectionReusableView.swift; sourceTree = "<group>"; };
		B523168825ED387400039844 /* LibraryAlbumsViewController.swift */ = {isa = PBXFileReference; lastKnownFileType = sourcecode.swift; path = LibraryAlbumsViewController.swift; sourceTree = "<group>"; };
		B523168C25ED389C00039844 /* LibraryPlaylistsViewController.swift */ = {isa = PBXFileReference; lastKnownFileType = sourcecode.swift; path = LibraryPlaylistsViewController.swift; sourceTree = "<group>"; };
		B523168F25ED394E00039844 /* PlaybackPresenter.swift */ = {isa = PBXFileReference; lastKnownFileType = sourcecode.swift; path = PlaybackPresenter.swift; sourceTree = "<group>"; };
		B56A9F4B25F3A1DC00D6F29C /* LibraryToggleView.swift */ = {isa = PBXFileReference; lastKnownFileType = sourcecode.swift; path = LibraryToggleView.swift; sourceTree = "<group>"; };
		B56A9F4E25F3A23A00D6F29C /* ActionLabelView.swift */ = {isa = PBXFileReference; lastKnownFileType = sourcecode.swift; path = ActionLabelView.swift; sourceTree = "<group>"; };
		B5B0484625E784C6006D2DCB /* SearchViewController.swift */ = {isa = PBXFileReference; lastKnownFileType = sourcecode.swift; path = SearchViewController.swift; sourceTree = "<group>"; };
		B5B0484925E784E5006D2DCB /* LibraryViewController.swift */ = {isa = PBXFileReference; lastKnownFileType = sourcecode.swift; path = LibraryViewController.swift; sourceTree = "<group>"; };
		B5B0485125E785F5006D2DCB /* AuthViewController.swift */ = {isa = PBXFileReference; lastKnownFileType = sourcecode.swift; path = AuthViewController.swift; sourceTree = "<group>"; };
		B5B0485525E78623006D2DCB /* WelcomeViewController.swift */ = {isa = PBXFileReference; lastKnownFileType = sourcecode.swift; path = WelcomeViewController.swift; sourceTree = "<group>"; };
		B5B0485825E78654006D2DCB /* SettingsViewController.swift */ = {isa = PBXFileReference; lastKnownFileType = sourcecode.swift; path = SettingsViewController.swift; sourceTree = "<group>"; };
		B5B0485B25E78680006D2DCB /* ProfileViewController.swift */ = {isa = PBXFileReference; lastKnownFileType = sourcecode.swift; path = ProfileViewController.swift; sourceTree = "<group>"; };
		B5B0485E25E786B0006D2DCB /* PlayerViewController.swift */ = {isa = PBXFileReference; lastKnownFileType = sourcecode.swift; path = PlayerViewController.swift; sourceTree = "<group>"; };
		B5B0486125E786D5006D2DCB /* PlaylistViewController.swift */ = {isa = PBXFileReference; lastKnownFileType = sourcecode.swift; path = PlaylistViewController.swift; sourceTree = "<group>"; };
		B5B0486425E78720006D2DCB /* SearchResultsViewController.swift */ = {isa = PBXFileReference; lastKnownFileType = sourcecode.swift; path = SearchResultsViewController.swift; sourceTree = "<group>"; };
		B5B0486725E78766006D2DCB /* AuthManager.swift */ = {isa = PBXFileReference; lastKnownFileType = sourcecode.swift; path = AuthManager.swift; sourceTree = "<group>"; };
		B5B0486A25E7879A006D2DCB /* APICaller.swift */ = {isa = PBXFileReference; lastKnownFileType = sourcecode.swift; path = APICaller.swift; sourceTree = "<group>"; };
		B5B0486D25E787C2006D2DCB /* HapticsManager.swift */ = {isa = PBXFileReference; lastKnownFileType = sourcecode.swift; path = HapticsManager.swift; sourceTree = "<group>"; };
		B5B0487025E78805006D2DCB /* PlayList.swift */ = {isa = PBXFileReference; lastKnownFileType = sourcecode.swift; path = PlayList.swift; sourceTree = "<group>"; };
		B5B0487325E78824006D2DCB /* AudioTrack.swift */ = {isa = PBXFileReference; lastKnownFileType = sourcecode.swift; path = AudioTrack.swift; sourceTree = "<group>"; };
		B5B0487625E78855006D2DCB /* Artist.swift */ = {isa = PBXFileReference; lastKnownFileType = sourcecode.swift; path = Artist.swift; sourceTree = "<group>"; };
		B5B0487925E7886F006D2DCB /* UserProfile.swift */ = {isa = PBXFileReference; lastKnownFileType = sourcecode.swift; path = UserProfile.swift; sourceTree = "<group>"; };
		B5B0487D25E788EA006D2DCB /* TabBarViewController.swift */ = {isa = PBXFileReference; lastKnownFileType = sourcecode.swift; path = TabBarViewController.swift; sourceTree = "<group>"; };
		B5BE826225EA5E37003A3444 /* APIImage.swift */ = {isa = PBXFileReference; lastKnownFileType = sourcecode.swift; path = APIImage.swift; sourceTree = "<group>"; };
		B5BE826525EA6782003A3444 /* SettingsModels.swift */ = {isa = PBXFileReference; lastKnownFileType = sourcecode.swift; path = SettingsModels.swift; sourceTree = "<group>"; };
		B5C9123625EE3296008DC825 /* AlbumViewController.swift */ = {isa = PBXFileReference; lastKnownFileType = sourcecode.swift; path = AlbumViewController.swift; sourceTree = "<group>"; };
		B5C9123925EE336E008DC825 /* AlbumTrackCollectionViewCell.swift */ = {isa = PBXFileReference; lastKnownFileType = sourcecode.swift; path = AlbumTrackCollectionViewCell.swift; sourceTree = "<group>"; };
		B5D41E0825F0D28400070539 /* PlaylistHeaderCollectionReusableView.swift */ = {isa = PBXFileReference; lastKnownFileType = sourcecode.swift; path = PlaylistHeaderCollectionReusableView.swift; sourceTree = "<group>"; };
		B5E68C8325ECD25100499350 /* NewReleasesCellViewModel.swift */ = {isa = PBXFileReference; lastKnownFileType = sourcecode.swift; path = NewReleasesCellViewModel.swift; sourceTree = "<group>"; };
		B5E68C8625ECD2AE00499350 /* AlbumCollectionViewCellViewModel.swift */ = {isa = PBXFileReference; lastKnownFileType = sourcecode.swift; path = AlbumCollectionViewCellViewModel.swift; sourceTree = "<group>"; };
		B5E68C8925ECD31A00499350 /* CategoryCollectionViewCellViewModel.swift */ = {isa = PBXFileReference; lastKnownFileType = sourcecode.swift; path = CategoryCollectionViewCellViewModel.swift; sourceTree = "<group>"; };
		B5E68C8C25ECD34B00499350 /* FeaturedPlaylistCellViewModel.swift */ = {isa = PBXFileReference; lastKnownFileType = sourcecode.swift; path = FeaturedPlaylistCellViewModel.swift; sourceTree = "<group>"; };
		B5E68C8F25ECD3A200499350 /* PlaylistHeaderViewViewModel.swift */ = {isa = PBXFileReference; lastKnownFileType = sourcecode.swift; path = PlaylistHeaderViewViewModel.swift; sourceTree = "<group>"; };
		B5E68C9225ECD3CD00499350 /* RecommendedTrackCellViewModel.swift */ = {isa = PBXFileReference; lastKnownFileType = sourcecode.swift; path = RecommendedTrackCellViewModel.swift; sourceTree = "<group>"; };
		B5E68C9525ECD41300499350 /* SearchResultDefaultTableViewCellViewModel.swift */ = {isa = PBXFileReference; lastKnownFileType = sourcecode.swift; path = SearchResultDefaultTableViewCellViewModel.swift; sourceTree = "<group>"; };
		B5E68C9825ECD47C00499350 /* SearchResultSubtitleTableViewCellViewModel.swift */ = {isa = PBXFileReference; lastKnownFileType = sourcecode.swift; path = SearchResultSubtitleTableViewCellViewModel.swift; sourceTree = "<group>"; };
		B5E68C9B25ECD4E000499350 /* NewReleasesResponse.swift */ = {isa = PBXFileReference; lastKnownFileType = sourcecode.swift; path = NewReleasesResponse.swift; sourceTree = "<group>"; };
		B5E68C9E25ECD56C00499350 /* AlbumDetailsResponse.swift */ = {isa = PBXFileReference; lastKnownFileType = sourcecode.swift; path = AlbumDetailsResponse.swift; sourceTree = "<group>"; };
		B5E68CA125ECD5C700499350 /* AllCategoriesResponse.swift */ = {isa = PBXFileReference; lastKnownFileType = sourcecode.swift; path = AllCategoriesResponse.swift; sourceTree = "<group>"; };
		B5E68CA525ECD63D00499350 /* FeaturedPlaylistsResponse.swift */ = {isa = PBXFileReference; lastKnownFileType = sourcecode.swift; path = FeaturedPlaylistsResponse.swift; sourceTree = "<group>"; };
		B5E68CA825ECD67F00499350 /* LibraryAlbumsResponse.swift */ = {isa = PBXFileReference; lastKnownFileType = sourcecode.swift; path = LibraryAlbumsResponse.swift; sourceTree = "<group>"; };
		B5E68CAB25ECD6D100499350 /* LibraryPlaylistsResponse.swift */ = {isa = PBXFileReference; lastKnownFileType = sourcecode.swift; path = LibraryPlaylistsResponse.swift; sourceTree = "<group>"; };
		B5E68CAE25ECD72500499350 /* PlaylistDetailsResponse.swift */ = {isa = PBXFileReference; lastKnownFileType = sourcecode.swift; path = PlaylistDetailsResponse.swift; sourceTree = "<group>"; };
		B5E68CB125ECD7A000499350 /* RecommendationsResponse.swift */ = {isa = PBXFileReference; lastKnownFileType = sourcecode.swift; path = RecommendationsResponse.swift; sourceTree = "<group>"; };
		B5E68CB425ECD7F300499350 /* RecommendedGenresResponse.swift */ = {isa = PBXFileReference; lastKnownFileType = sourcecode.swift; path = RecommendedGenresResponse.swift; sourceTree = "<group>"; };
		B5E68CB725ECD81A00499350 /* SearchResult.swift */ = {isa = PBXFileReference; lastKnownFileType = sourcecode.swift; path = SearchResult.swift; sourceTree = "<group>"; };
		B5E68CBA25ECD85000499350 /* SearchResultResponse.swift */ = {isa = PBXFileReference; lastKnownFileType = sourcecode.swift; path = SearchResultResponse.swift; sourceTree = "<group>"; };
		B5EFFECE25E77E2A00087526 /* muzlit.app */ = {isa = PBXFileReference; explicitFileType = wrapper.application; includeInIndex = 0; path = muzlit.app; sourceTree = BUILT_PRODUCTS_DIR; };
		B5EFFED125E77E2A00087526 /* AppDelegate.swift */ = {isa = PBXFileReference; lastKnownFileType = sourcecode.swift; path = AppDelegate.swift; sourceTree = "<group>"; };
		B5EFFED325E77E2A00087526 /* SceneDelegate.swift */ = {isa = PBXFileReference; lastKnownFileType = sourcecode.swift; path = SceneDelegate.swift; sourceTree = "<group>"; };
		B5EFFED525E77E2A00087526 /* HomeViewController.swift */ = {isa = PBXFileReference; lastKnownFileType = sourcecode.swift; path = HomeViewController.swift; sourceTree = "<group>"; };
		B5EFFEDA25E77E2B00087526 /* Assets.xcassets */ = {isa = PBXFileReference; lastKnownFileType = folder.assetcatalog; path = Assets.xcassets; sourceTree = "<group>"; };
		B5EFFEDD25E77E2B00087526 /* Base */ = {isa = PBXFileReference; lastKnownFileType = file.storyboard; name = Base; path = Base.lproj/LaunchScreen.storyboard; sourceTree = "<group>"; };
		B5EFFEDF25E77E2B00087526 /* Info.plist */ = {isa = PBXFileReference; lastKnownFileType = text.plist.xml; path = Info.plist; sourceTree = "<group>"; };
		B5F2D42325E7B33F0036F64A /* Extensions.swift */ = {isa = PBXFileReference; lastKnownFileType = sourcecode.swift; path = Extensions.swift; sourceTree = "<group>"; };
		B5F2D42625E7E3BE0036F64A /* AuthResponse.swift */ = {isa = PBXFileReference; lastKnownFileType = sourcecode.swift; path = AuthResponse.swift; sourceTree = "<group>"; };
		CF3E6575F0CBFD7F06447F8D /* Pods-muzlit.debug.xcconfig */ = {isa = PBXFileReference; includeInIndex = 1; lastKnownFileType = text.xcconfig; name = "Pods-muzlit.debug.xcconfig"; path = "Target Support Files/Pods-muzlit/Pods-muzlit.debug.xcconfig"; sourceTree = "<group>"; };
		EBBC5C01CE2943653B1B64CB /* Pods-muzlit.release.xcconfig */ = {isa = PBXFileReference; includeInIndex = 1; lastKnownFileType = text.xcconfig; name = "Pods-muzlit.release.xcconfig"; path = "Target Support Files/Pods-muzlit/Pods-muzlit.release.xcconfig"; sourceTree = "<group>"; };
/* End PBXFileReference section */

/* Begin PBXFrameworksBuildPhase section */
		B5EFFECB25E77E2A00087526 /* Frameworks */ = {
			isa = PBXFrameworksBuildPhase;
			buildActionMask = 2147483647;
			files = (
				28A8B4DA26B4C47DC41A3D09 /* Pods_muzlit.framework in Frameworks */,
			);
			runOnlyForDeploymentPostprocessing = 0;
		};
/* End PBXFrameworksBuildPhase section */

/* Begin PBXGroup section */
		5D6E51214C725FA46DF24222 /* Pods */ = {
			isa = PBXGroup;
			children = (
				CF3E6575F0CBFD7F06447F8D /* Pods-muzlit.debug.xcconfig */,
				EBBC5C01CE2943653B1B64CB /* Pods-muzlit.release.xcconfig */,
			);
			path = Pods;
			sourceTree = "<group>";
		};
		B510E80B25F20AE6009B3F35 /* SearchResultCells */ = {
			isa = PBXGroup;
			children = (
				B510E80C25F20B2A009B3F35 /* SearchResultDefaultTableViewCell.swift */,
				B510E81125F20C00009B3F35 /* SearchResultSubtitleTableViewCell.swift */,
			);
			path = SearchResultCells;
			sourceTree = "<group>";
		};
		B523166C25ED0FE000039844 /* Browse */ = {
			isa = PBXGroup;
			children = (
				B523166D25ED102900039844 /* FeaturedPlaylistCollectionViewCell.swift */,
				B523167125ED105F00039844 /* NewReleaseCollectionViewCell.swift */,
				B523167425ED108C00039844 /* RecommendedTrackCollectionViewCell.swift */,
			);
			path = Browse;
			sourceTree = "<group>";
		};
		B523167F25ED172200039844 /* Presenter */ = {
			isa = PBXGroup;
			children = (
				B523168F25ED394E00039844 /* PlaybackPresenter.swift */,
			);
			path = Presenter;
			sourceTree = "<group>";
		};
		B523168725ED384100039844 /* Library */ = {
			isa = PBXGroup;
			children = (
				B523168825ED387400039844 /* LibraryAlbumsViewController.swift */,
				B523168C25ED389C00039844 /* LibraryPlaylistsViewController.swift */,
			);
			path = Library;
			sourceTree = "<group>";
		};
		B5B0484F25E7858C006D2DCB /* core */ = {
			isa = PBXGroup;
			children = (
				B5B0484925E784E5006D2DCB /* LibraryViewController.swift */,
				B5B0484625E784C6006D2DCB /* SearchViewController.swift */,
				B5EFFED525E77E2A00087526 /* HomeViewController.swift */,
				B5B0487D25E788EA006D2DCB /* TabBarViewController.swift */,
			);
			path = core;
			sourceTree = "<group>";
		};
		B5B0485025E785D8006D2DCB /* other */ = {
			isa = PBXGroup;
			children = (
				B523168725ED384100039844 /* Library */,
				B5B0485125E785F5006D2DCB /* AuthViewController.swift */,
				B5B0485525E78623006D2DCB /* WelcomeViewController.swift */,
				B5B0485825E78654006D2DCB /* SettingsViewController.swift */,
				B5B0485B25E78680006D2DCB /* ProfileViewController.swift */,
				B5B0485E25E786B0006D2DCB /* PlayerViewController.swift */,
				B5B0486125E786D5006D2DCB /* PlaylistViewController.swift */,
				B5B0486425E78720006D2DCB /* SearchResultsViewController.swift */,
				B510E81A25F2211B009B3F35 /* CategoryViewController.swift */,
				B5C9123625EE3296008DC825 /* AlbumViewController.swift */,
			);
			path = other;
			sourceTree = "<group>";
		};
		B5EFFEC525E77E2A00087526 = {
			isa = PBXGroup;
			children = (
				B5EFFED025E77E2A00087526 /* muzlit */,
				B5EFFECF25E77E2A00087526 /* Products */,
				5D6E51214C725FA46DF24222 /* Pods */,
				E858C4536F1BFD3D7DDDC1BC /* Frameworks */,
			);
			sourceTree = "<group>";
		};
		B5EFFECF25E77E2A00087526 /* Products */ = {
			isa = PBXGroup;
			children = (
				B5EFFECE25E77E2A00087526 /* muzlit.app */,
			);
			name = Products;
			sourceTree = "<group>";
		};
		B5EFFED025E77E2A00087526 /* muzlit */ = {
			isa = PBXGroup;
			children = (
				B523167F25ED172200039844 /* Presenter */,
				B5EFFEED25E77F8600087526 /* Manager */,
				B5EFFEEC25E77F7000087526 /* Res */,
				B5EFFEEB25E77F6400087526 /* Model */,
				B5EFFEEA25E77F4A00087526 /* ViewModel */,
				B5EFFEE825E77F2700087526 /* Views */,
				B5EFFEE725E77F1600087526 /* Controllers */,
				B5EFFEDF25E77E2B00087526 /* Info.plist */,
			);
			path = muzlit;
			sourceTree = "<group>";
		};
		B5EFFEE725E77F1600087526 /* Controllers */ = {
			isa = PBXGroup;
			children = (
				B5B0485025E785D8006D2DCB /* other */,
				B5B0484F25E7858C006D2DCB /* core */,
			);
			path = Controllers;
			sourceTree = "<group>";
		};
		B5EFFEE825E77F2700087526 /* Views */ = {
			isa = PBXGroup;
			children = (
				B510E80B25F20AE6009B3F35 /* SearchResultCells */,
				B523166C25ED0FE000039844 /* Browse */,
				B5EFFEDC25E77E2B00087526 /* LaunchScreen.storyboard */,
				B523167C25ED167300039844 /* TitleHeaderCollectionReusableView.swift */,
				B5C9123925EE336E008DC825 /* AlbumTrackCollectionViewCell.swift */,
				B5D41E0825F0D28400070539 /* PlaylistHeaderCollectionReusableView.swift */,
				B510E81625F21F4C009B3F35 /* CategoryCollectionViewCell.swift */,
				B510E81E25F222F1009B3F35 /* PlayerControlsView.swift */,
				B56A9F4B25F3A1DC00D6F29C /* LibraryToggleView.swift */,
				B56A9F4E25F3A23A00D6F29C /* ActionLabelView.swift */,
			);
			path = Views;
			sourceTree = "<group>";
		};
		B5EFFEEA25E77F4A00087526 /* ViewModel */ = {
			isa = PBXGroup;
			children = (
				B5E68C8325ECD25100499350 /* NewReleasesCellViewModel.swift */,
				B5E68C8625ECD2AE00499350 /* AlbumCollectionViewCellViewModel.swift */,
				B5E68C8925ECD31A00499350 /* CategoryCollectionViewCellViewModel.swift */,
				B5E68C8C25ECD34B00499350 /* FeaturedPlaylistCellViewModel.swift */,
				B5E68C8F25ECD3A200499350 /* PlaylistHeaderViewViewModel.swift */,
				B5E68C9225ECD3CD00499350 /* RecommendedTrackCellViewModel.swift */,
				B5E68C9525ECD41300499350 /* SearchResultDefaultTableViewCellViewModel.swift */,
				B5E68C9825ECD47C00499350 /* SearchResultSubtitleTableViewCellViewModel.swift */,
			);
			path = ViewModel;
			sourceTree = "<group>";
		};
		B5EFFEEB25E77F6400087526 /* Model */ = {
			isa = PBXGroup;
			children = (
				B5B0487025E78805006D2DCB /* PlayList.swift */,
				B5B0487325E78824006D2DCB /* AudioTrack.swift */,
				B5B0487625E78855006D2DCB /* Artist.swift */,
				B5B0487925E7886F006D2DCB /* UserProfile.swift */,
				B5F2D42625E7E3BE0036F64A /* AuthResponse.swift */,
				B5BE826225EA5E37003A3444 /* APIImage.swift */,
				B5BE826525EA6782003A3444 /* SettingsModels.swift */,
				B5E68C9B25ECD4E000499350 /* NewReleasesResponse.swift */,
				B5E68C9E25ECD56C00499350 /* AlbumDetailsResponse.swift */,
				B5E68CA125ECD5C700499350 /* AllCategoriesResponse.swift */,
				B5E68CA525ECD63D00499350 /* FeaturedPlaylistsResponse.swift */,
				B5E68CA825ECD67F00499350 /* LibraryAlbumsResponse.swift */,
				B5E68CAB25ECD6D100499350 /* LibraryPlaylistsResponse.swift */,
				B5E68CAE25ECD72500499350 /* PlaylistDetailsResponse.swift */,
				B5E68CB125ECD7A000499350 /* RecommendationsResponse.swift */,
				B5E68CB425ECD7F300499350 /* RecommendedGenresResponse.swift */,
				B5E68CB725ECD81A00499350 /* SearchResult.swift */,
				B5E68CBA25ECD85000499350 /* SearchResultResponse.swift */,
			);
			path = Model;
			sourceTree = "<group>";
		};
		B5EFFEEC25E77F7000087526 /* Res */ = {
			isa = PBXGroup;
			children = (
				B5EFFEDA25E77E2B00087526 /* Assets.xcassets */,
				B5EFFED325E77E2A00087526 /* SceneDelegate.swift */,
				B5EFFED125E77E2A00087526 /* AppDelegate.swift */,
				B5F2D42325E7B33F0036F64A /* Extensions.swift */,
				B523167825ED130200039844 /* Extensions + homeVC.swift */,
			);
			path = Res;
			sourceTree = "<group>";
		};
		B5EFFEED25E77F8600087526 /* Manager */ = {
			isa = PBXGroup;
			children = (
				B5B0486725E78766006D2DCB /* AuthManager.swift */,
				B5B0486A25E7879A006D2DCB /* APICaller.swift */,
				B5B0486D25E787C2006D2DCB /* HapticsManager.swift */,
			);
			path = Manager;
			sourceTree = "<group>";
		};
		E858C4536F1BFD3D7DDDC1BC /* Frameworks */ = {
			isa = PBXGroup;
			children = (
				3DC5C34B7B16523F21B1AEA4 /* Pods_muzlit.framework */,
			);
			name = Frameworks;
			sourceTree = "<group>";
		};
/* End PBXGroup section */

/* Begin PBXNativeTarget section */
		B5EFFECD25E77E2A00087526 /* muzlit */ = {
			isa = PBXNativeTarget;
			buildConfigurationList = B5EFFEE225E77E2B00087526 /* Build configuration list for PBXNativeTarget "muzlit" */;
			buildPhases = (
				418FCF9EC63FCC3D9C166063 /* [CP] Check Pods Manifest.lock */,
				B5EFFECA25E77E2A00087526 /* Sources */,
				B5EFFECB25E77E2A00087526 /* Frameworks */,
				B5EFFECC25E77E2A00087526 /* Resources */,
				6DAEDB9BF6A16222EED6F1D3 /* [CP] Embed Pods Frameworks */,
			);
			buildRules = (
			);
			dependencies = (
			);
			name = muzlit;
			productName = muzlit;
			productReference = B5EFFECE25E77E2A00087526 /* muzlit.app */;
			productType = "com.apple.product-type.application";
		};
/* End PBXNativeTarget section */

/* Begin PBXProject section */
		B5EFFEC625E77E2A00087526 /* Project object */ = {
			isa = PBXProject;
			attributes = {
				LastSwiftUpdateCheck = 1230;
				LastUpgradeCheck = 1230;
				TargetAttributes = {
					B5EFFECD25E77E2A00087526 = {
						CreatedOnToolsVersion = 12.3;
					};
				};
			};
			buildConfigurationList = B5EFFEC925E77E2A00087526 /* Build configuration list for PBXProject "muzlit" */;
			compatibilityVersion = "Xcode 9.3";
			developmentRegion = en;
			hasScannedForEncodings = 0;
			knownRegions = (
				en,
				Base,
			);
			mainGroup = B5EFFEC525E77E2A00087526;
			productRefGroup = B5EFFECF25E77E2A00087526 /* Products */;
			projectDirPath = "";
			projectRoot = "";
			targets = (
				B5EFFECD25E77E2A00087526 /* muzlit */,
			);
		};
/* End PBXProject section */

/* Begin PBXResourcesBuildPhase section */
		B5EFFECC25E77E2A00087526 /* Resources */ = {
			isa = PBXResourcesBuildPhase;
			buildActionMask = 2147483647;
			files = (
				B5EFFEDE25E77E2B00087526 /* LaunchScreen.storyboard in Resources */,
				B5EFFEDB25E77E2B00087526 /* Assets.xcassets in Resources */,
			);
			runOnlyForDeploymentPostprocessing = 0;
		};
/* End PBXResourcesBuildPhase section */

/* Begin PBXShellScriptBuildPhase section */
		418FCF9EC63FCC3D9C166063 /* [CP] Check Pods Manifest.lock */ = {
			isa = PBXShellScriptBuildPhase;
			buildActionMask = 2147483647;
			files = (
			);
			inputFileListPaths = (
			);
			inputPaths = (
				"${PODS_PODFILE_DIR_PATH}/Podfile.lock",
				"${PODS_ROOT}/Manifest.lock",
			);
			name = "[CP] Check Pods Manifest.lock";
			outputFileListPaths = (
			);
			outputPaths = (
				"$(DERIVED_FILE_DIR)/Pods-muzlit-checkManifestLockResult.txt",
			);
			runOnlyForDeploymentPostprocessing = 0;
			shellPath = /bin/sh;
			shellScript = "diff \"${PODS_PODFILE_DIR_PATH}/Podfile.lock\" \"${PODS_ROOT}/Manifest.lock\" > /dev/null\nif [ $? != 0 ] ; then\n    # print error to STDERR\n    echo \"error: The sandbox is not in sync with the Podfile.lock. Run 'pod install' or update your CocoaPods installation.\" >&2\n    exit 1\nfi\n# This output is used by Xcode 'outputs' to avoid re-running this script phase.\necho \"SUCCESS\" > \"${SCRIPT_OUTPUT_FILE_0}\"\n";
			showEnvVarsInLog = 0;
		};
		6DAEDB9BF6A16222EED6F1D3 /* [CP] Embed Pods Frameworks */ = {
			isa = PBXShellScriptBuildPhase;
			buildActionMask = 2147483647;
			files = (
			);
			inputFileListPaths = (
				"${PODS_ROOT}/Target Support Files/Pods-muzlit/Pods-muzlit-frameworks-${CONFIGURATION}-input-files.xcfilelist",
			);
			name = "[CP] Embed Pods Frameworks";
			outputFileListPaths = (
				"${PODS_ROOT}/Target Support Files/Pods-muzlit/Pods-muzlit-frameworks-${CONFIGURATION}-output-files.xcfilelist",
			);
			runOnlyForDeploymentPostprocessing = 0;
			shellPath = /bin/sh;
			shellScript = "\"${PODS_ROOT}/Target Support Files/Pods-muzlit/Pods-muzlit-frameworks.sh\"\n";
			showEnvVarsInLog = 0;
		};
/* End PBXShellScriptBuildPhase section */

/* Begin PBXSourcesBuildPhase section */
		B5EFFECA25E77E2A00087526 /* Sources */ = {
			isa = PBXSourcesBuildPhase;
			buildActionMask = 2147483647;
			files = (
				B523168925ED387400039844 /* LibraryAlbumsViewController.swift in Sources */,
				B5E68CB525ECD7F300499350 /* RecommendedGenresResponse.swift in Sources */,
				B5D41E0925F0D28400070539 /* PlaylistHeaderCollectionReusableView.swift in Sources */,
				B5E68C9C25ECD4E000499350 /* NewReleasesResponse.swift in Sources */,
				B5EFFED625E77E2A00087526 /* HomeViewController.swift in Sources */,
				B510E80D25F20B2A009B3F35 /* SearchResultDefaultTableViewCell.swift in Sources */,
				B510E81225F20C00009B3F35 /* SearchResultSubtitleTableViewCell.swift in Sources */,
				B5BE826325EA5E37003A3444 /* APIImage.swift in Sources */,
				B5E68C8425ECD25100499350 /* NewReleasesCellViewModel.swift in Sources */,
				B5B0486825E78766006D2DCB /* AuthManager.swift in Sources */,
				B56A9F4F25F3A23A00D6F29C /* ActionLabelView.swift in Sources */,
				B5B0485625E78623006D2DCB /* WelcomeViewController.swift in Sources */,
				B5BE826625EA6782003A3444 /* SettingsModels.swift in Sources */,
				B523166E25ED102900039844 /* FeaturedPlaylistCollectionViewCell.swift in Sources */,
				B5B0485C25E78680006D2DCB /* ProfileViewController.swift in Sources */,
				B523167525ED108C00039844 /* RecommendedTrackCollectionViewCell.swift in Sources */,
				B523168D25ED389C00039844 /* LibraryPlaylistsViewController.swift in Sources */,
				B5E68CAC25ECD6D100499350 /* LibraryPlaylistsResponse.swift in Sources */,
				B5EFFED225E77E2A00087526 /* AppDelegate.swift in Sources */,
				B5C9123A25EE336E008DC825 /* AlbumTrackCollectionViewCell.swift in Sources */,
				B5E68C9025ECD3A200499350 /* PlaylistHeaderViewViewModel.swift in Sources */,
				B5B0484A25E784E5006D2DCB /* LibraryViewController.swift in Sources */,
				B5B0485225E785F5006D2DCB /* AuthViewController.swift in Sources */,
				B5B0484725E784C6006D2DCB /* SearchViewController.swift in Sources */,
				B523167225ED105F00039844 /* NewReleaseCollectionViewCell.swift in Sources */,
				B510E81B25F2211B009B3F35 /* CategoryViewController.swift in Sources */,
				B5B0487E25E788EA006D2DCB /* TabBarViewController.swift in Sources */,
				B5B0487125E78805006D2DCB /* PlayList.swift in Sources */,
				B5E68C9625ECD41300499350 /* SearchResultDefaultTableViewCellViewModel.swift in Sources */,
				B56A9F4C25F3A1DC00D6F29C /* LibraryToggleView.swift in Sources */,
				B5E68C9325ECD3CD00499350 /* RecommendedTrackCellViewModel.swift in Sources */,
				B5E68CBB25ECD85000499350 /* SearchResultResponse.swift in Sources */,
				B523167D25ED167300039844 /* TitleHeaderCollectionReusableView.swift in Sources */,
				B5B0486225E786D5006D2DCB /* PlaylistViewController.swift in Sources */,
				B510E81725F21F4C009B3F35 /* CategoryCollectionViewCell.swift in Sources */,
				B5EFFED425E77E2A00087526 /* SceneDelegate.swift in Sources */,
				B5C9123725EE3296008DC825 /* AlbumViewController.swift in Sources */,
				B5E68CA925ECD67F00499350 /* LibraryAlbumsResponse.swift in Sources */,
				B5E68CB825ECD81A00499350 /* SearchResult.swift in Sources */,
				B5B0487A25E7886F006D2DCB /* UserProfile.swift in Sources */,
				B5F2D42425E7B33F0036F64A /* Extensions.swift in Sources */,
				B5E68C8725ECD2AE00499350 /* AlbumCollectionViewCellViewModel.swift in Sources */,
				B5E68CA625ECD63D00499350 /* FeaturedPlaylistsResponse.swift in Sources */,
				B523167925ED130200039844 /* Extensions + homeVC.swift in Sources */,
				B5F2D42725E7E3BF0036F64A /* AuthResponse.swift in Sources */,
				B5B0485F25E786B0006D2DCB /* PlayerViewController.swift in Sources */,
				B5E68C8D25ECD34B00499350 /* FeaturedPlaylistCellViewModel.swift in Sources */,
				B5E68CAF25ECD72500499350 /* PlaylistDetailsResponse.swift in Sources */,
				B510E81F25F222F1009B3F35 /* PlayerControlsView.swift in Sources */,
				B5E68C9F25ECD56C00499350 /* AlbumDetailsResponse.swift in Sources */,
				B523169025ED394E00039844 /* PlaybackPresenter.swift in Sources */,
				B5B0487725E78855006D2DCB /* Artist.swift in Sources */,
				B5B0486525E78720006D2DCB /* SearchResultsViewController.swift in Sources */,
				B5B0486B25E7879A006D2DCB /* APICaller.swift in Sources */,
				B5E68C9925ECD47C00499350 /* SearchResultSubtitleTableViewCellViewModel.swift in Sources */,
				B5E68CA225ECD5C700499350 /* AllCategoriesResponse.swift in Sources */,
				B5B0485925E78654006D2DCB /* SettingsViewController.swift in Sources */,
				B5B0487425E78824006D2DCB /* AudioTrack.swift in Sources */,
				B5E68C8A25ECD31A00499350 /* CategoryCollectionViewCellViewModel.swift in Sources */,
				B5B0486E25E787C2006D2DCB /* HapticsManager.swift in Sources */,
				B5E68CB225ECD7A000499350 /* RecommendationsResponse.swift in Sources */,
			);
			runOnlyForDeploymentPostprocessing = 0;
		};
/* End PBXSourcesBuildPhase section */

/* Begin PBXVariantGroup section */
		B5EFFEDC25E77E2B00087526 /* LaunchScreen.storyboard */ = {
			isa = PBXVariantGroup;
			children = (
				B5EFFEDD25E77E2B00087526 /* Base */,
			);
			name = LaunchScreen.storyboard;
			sourceTree = "<group>";
		};
/* End PBXVariantGroup section */

/* Begin XCBuildConfiguration section */
		B5EFFEE025E77E2B00087526 /* Debug */ = {
			isa = XCBuildConfiguration;
			buildSettings = {
				ALWAYS_SEARCH_USER_PATHS = NO;
				CLANG_ANALYZER_NONNULL = YES;
				CLANG_ANALYZER_NUMBER_OBJECT_CONVERSION = YES_AGGRESSIVE;
				CLANG_CXX_LANGUAGE_STANDARD = "gnu++14";
				CLANG_CXX_LIBRARY = "libc++";
				CLANG_ENABLE_MODULES = YES;
				CLANG_ENABLE_OBJC_ARC = YES;
				CLANG_ENABLE_OBJC_WEAK = YES;
				CLANG_WARN_BLOCK_CAPTURE_AUTORELEASING = YES;
				CLANG_WARN_BOOL_CONVERSION = YES;
				CLANG_WARN_COMMA = YES;
				CLANG_WARN_CONSTANT_CONVERSION = YES;
				CLANG_WARN_DEPRECATED_OBJC_IMPLEMENTATIONS = YES;
				CLANG_WARN_DIRECT_OBJC_ISA_USAGE = YES_ERROR;
				CLANG_WARN_DOCUMENTATION_COMMENTS = YES;
				CLANG_WARN_EMPTY_BODY = YES;
				CLANG_WARN_ENUM_CONVERSION = YES;
				CLANG_WARN_INFINITE_RECURSION = YES;
				CLANG_WARN_INT_CONVERSION = YES;
				CLANG_WARN_NON_LITERAL_NULL_CONVERSION = YES;
				CLANG_WARN_OBJC_IMPLICIT_RETAIN_SELF = YES;
				CLANG_WARN_OBJC_LITERAL_CONVERSION = YES;
				CLANG_WARN_OBJC_ROOT_CLASS = YES_ERROR;
				CLANG_WARN_QUOTED_INCLUDE_IN_FRAMEWORK_HEADER = YES;
				CLANG_WARN_RANGE_LOOP_ANALYSIS = YES;
				CLANG_WARN_STRICT_PROTOTYPES = YES;
				CLANG_WARN_SUSPICIOUS_MOVE = YES;
				CLANG_WARN_UNGUARDED_AVAILABILITY = YES_AGGRESSIVE;
				CLANG_WARN_UNREACHABLE_CODE = YES;
				CLANG_WARN__DUPLICATE_METHOD_MATCH = YES;
				COPY_PHASE_STRIP = NO;
				DEBUG_INFORMATION_FORMAT = dwarf;
				ENABLE_STRICT_OBJC_MSGSEND = YES;
				ENABLE_TESTABILITY = YES;
				GCC_C_LANGUAGE_STANDARD = gnu11;
				GCC_DYNAMIC_NO_PIC = NO;
				GCC_NO_COMMON_BLOCKS = YES;
				GCC_OPTIMIZATION_LEVEL = 0;
				GCC_PREPROCESSOR_DEFINITIONS = (
					"DEBUG=1",
					"$(inherited)",
				);
				GCC_WARN_64_TO_32_BIT_CONVERSION = YES;
				GCC_WARN_ABOUT_RETURN_TYPE = YES_ERROR;
				GCC_WARN_UNDECLARED_SELECTOR = YES;
				GCC_WARN_UNINITIALIZED_AUTOS = YES_AGGRESSIVE;
				GCC_WARN_UNUSED_FUNCTION = YES;
				GCC_WARN_UNUSED_VARIABLE = YES;
				IPHONEOS_DEPLOYMENT_TARGET = 14.3;
				MTL_ENABLE_DEBUG_INFO = INCLUDE_SOURCE;
				MTL_FAST_MATH = YES;
				ONLY_ACTIVE_ARCH = YES;
				SDKROOT = iphoneos;
				SWIFT_ACTIVE_COMPILATION_CONDITIONS = DEBUG;
				SWIFT_OPTIMIZATION_LEVEL = "-Onone";
			};
			name = Debug;
		};
		B5EFFEE125E77E2B00087526 /* Release */ = {
			isa = XCBuildConfiguration;
			buildSettings = {
				ALWAYS_SEARCH_USER_PATHS = NO;
				CLANG_ANALYZER_NONNULL = YES;
				CLANG_ANALYZER_NUMBER_OBJECT_CONVERSION = YES_AGGRESSIVE;
				CLANG_CXX_LANGUAGE_STANDARD = "gnu++14";
				CLANG_CXX_LIBRARY = "libc++";
				CLANG_ENABLE_MODULES = YES;
				CLANG_ENABLE_OBJC_ARC = YES;
				CLANG_ENABLE_OBJC_WEAK = YES;
				CLANG_WARN_BLOCK_CAPTURE_AUTORELEASING = YES;
				CLANG_WARN_BOOL_CONVERSION = YES;
				CLANG_WARN_COMMA = YES;
				CLANG_WARN_CONSTANT_CONVERSION = YES;
				CLANG_WARN_DEPRECATED_OBJC_IMPLEMENTATIONS = YES;
				CLANG_WARN_DIRECT_OBJC_ISA_USAGE = YES_ERROR;
				CLANG_WARN_DOCUMENTATION_COMMENTS = YES;
				CLANG_WARN_EMPTY_BODY = YES;
				CLANG_WARN_ENUM_CONVERSION = YES;
				CLANG_WARN_INFINITE_RECURSION = YES;
				CLANG_WARN_INT_CONVERSION = YES;
				CLANG_WARN_NON_LITERAL_NULL_CONVERSION = YES;
				CLANG_WARN_OBJC_IMPLICIT_RETAIN_SELF = YES;
				CLANG_WARN_OBJC_LITERAL_CONVERSION = YES;
				CLANG_WARN_OBJC_ROOT_CLASS = YES_ERROR;
				CLANG_WARN_QUOTED_INCLUDE_IN_FRAMEWORK_HEADER = YES;
				CLANG_WARN_RANGE_LOOP_ANALYSIS = YES;
				CLANG_WARN_STRICT_PROTOTYPES = YES;
				CLANG_WARN_SUSPICIOUS_MOVE = YES;
				CLANG_WARN_UNGUARDED_AVAILABILITY = YES_AGGRESSIVE;
				CLANG_WARN_UNREACHABLE_CODE = YES;
				CLANG_WARN__DUPLICATE_METHOD_MATCH = YES;
				COPY_PHASE_STRIP = NO;
				DEBUG_INFORMATION_FORMAT = "dwarf-with-dsym";
				ENABLE_NS_ASSERTIONS = NO;
				ENABLE_STRICT_OBJC_MSGSEND = YES;
				GCC_C_LANGUAGE_STANDARD = gnu11;
				GCC_NO_COMMON_BLOCKS = YES;
				GCC_WARN_64_TO_32_BIT_CONVERSION = YES;
				GCC_WARN_ABOUT_RETURN_TYPE = YES_ERROR;
				GCC_WARN_UNDECLARED_SELECTOR = YES;
				GCC_WARN_UNINITIALIZED_AUTOS = YES_AGGRESSIVE;
				GCC_WARN_UNUSED_FUNCTION = YES;
				GCC_WARN_UNUSED_VARIABLE = YES;
				IPHONEOS_DEPLOYMENT_TARGET = 14.3;
				MTL_ENABLE_DEBUG_INFO = NO;
				MTL_FAST_MATH = YES;
				SDKROOT = iphoneos;
				SWIFT_COMPILATION_MODE = wholemodule;
				SWIFT_OPTIMIZATION_LEVEL = "-O";
				VALIDATE_PRODUCT = YES;
			};
			name = Release;
		};
		B5EFFEE325E77E2B00087526 /* Debug */ = {
			isa = XCBuildConfiguration;
			baseConfigurationReference = CF3E6575F0CBFD7F06447F8D /* Pods-muzlit.debug.xcconfig */;
			buildSettings = {
				ASSETCATALOG_COMPILER_APPICON_NAME = AppIcon;
				ASSETCATALOG_COMPILER_GLOBAL_ACCENT_COLOR_NAME = AccentColor;
				CODE_SIGN_STYLE = Automatic;
				INFOPLIST_FILE = muzlit/Info.plist;
				LD_RUNPATH_SEARCH_PATHS = (
					"$(inherited)",
					"@executable_path/Frameworks",
				);
				PRODUCT_BUNDLE_IDENTIFIER = antontuzov.muzlit;
				PRODUCT_NAME = "$(TARGET_NAME)";
				SWIFT_VERSION = 5.0;
				TARGETED_DEVICE_FAMILY = "1,2";
			};
			name = Debug;
		};
		B5EFFEE425E77E2B00087526 /* Release */ = {
			isa = XCBuildConfiguration;
			baseConfigurationReference = EBBC5C01CE2943653B1B64CB /* Pods-muzlit.release.xcconfig */;
			buildSettings = {
				ASSETCATALOG_COMPILER_APPICON_NAME = AppIcon;
				ASSETCATALOG_COMPILER_GLOBAL_ACCENT_COLOR_NAME = AccentColor;
				CODE_SIGN_STYLE = Automatic;
				INFOPLIST_FILE = muzlit/Info.plist;
				LD_RUNPATH_SEARCH_PATHS = (
					"$(inherited)",
					"@executable_path/Frameworks",
				);
				PRODUCT_BUNDLE_IDENTIFIER = antontuzov.muzlit;
				PRODUCT_NAME = "$(TARGET_NAME)";
				SWIFT_VERSION = 5.0;
				TARGETED_DEVICE_FAMILY = "1,2";
			};
			name = Release;
		};
/* End XCBuildConfiguration section */

/* Begin XCConfigurationList section */
		B5EFFEC925E77E2A00087526 /* Build configuration list for PBXProject "muzlit" */ = {
			isa = XCConfigurationList;
			buildConfigurations = (
				B5EFFEE025E77E2B00087526 /* Debug */,
				B5EFFEE125E77E2B00087526 /* Release */,
			);
			defaultConfigurationIsVisible = 0;
			defaultConfigurationName = Release;
		};
		B5EFFEE225E77E2B00087526 /* Build configuration list for PBXNativeTarget "muzlit" */ = {
			isa = XCConfigurationList;
			buildConfigurations = (
				B5EFFEE325E77E2B00087526 /* Debug */,
				B5EFFEE425E77E2B00087526 /* Release */,
			);
			defaultConfigurationIsVisible = 0;
			defaultConfigurationName = Release;
		};
/* End XCConfigurationList section */
	};
	rootObject = B5EFFEC625E77E2A00087526 /* Project object */;
}
